// !$*UTF8*$!
{
	archiveVersion = 1;
	classes = {
	};
	objectVersion = 46;
	objects = {

/* Begin PBXBuildFile section */
		1A3686111DD84B5800CBEB41 /* GoogleService-Info.plist in Resources */ = {isa = PBXBuildFile; fileRef = 1A3686101DD84B5800CBEB41 /* GoogleService-Info.plist */; };
		1A805B6D1DD996F900A70691 /* TriviaCategory.swift in Sources */ = {isa = PBXBuildFile; fileRef = 1A805B671DD996F900A70691 /* TriviaCategory.swift */; };
		1A805B6E1DD996F900A70691 /* TriviaQuestion.swift in Sources */ = {isa = PBXBuildFile; fileRef = 1A805B681DD996F900A70691 /* TriviaQuestion.swift */; };
		A83ACC821DD2D14B00DAF701 /* AppDelegate.swift in Sources */ = {isa = PBXBuildFile; fileRef = A83ACC811DD2D14B00DAF701 /* AppDelegate.swift */; };
		A83ACC871DD2D14B00DAF701 /* Main.storyboard in Resources */ = {isa = PBXBuildFile; fileRef = A83ACC851DD2D14B00DAF701 /* Main.storyboard */; };
		A83ACC891DD2D14B00DAF701 /* Assets.xcassets in Resources */ = {isa = PBXBuildFile; fileRef = A83ACC881DD2D14B00DAF701 /* Assets.xcassets */; };
		A83ACC8C1DD2D14B00DAF701 /* LaunchScreen.storyboard in Resources */ = {isa = PBXBuildFile; fileRef = A83ACC8A1DD2D14B00DAF701 /* LaunchScreen.storyboard */; };
		A8B32B901DDBE709003A0B1C /* LoginViewController.swift in Sources */ = {isa = PBXBuildFile; fileRef = A8B32B8F1DDBE709003A0B1C /* LoginViewController.swift */; };
		A8B32B941DDBEA7E003A0B1C /* ProfileViewController.swift in Sources */ = {isa = PBXBuildFile; fileRef = A8B32B931DDBEA7E003A0B1C /* ProfileViewController.swift */; };
		A8B32B961DDBFF4A003A0B1C /* CameraViewController.swift in Sources */ = {isa = PBXBuildFile; fileRef = A8B32B951DDBFF4A003A0B1C /* CameraViewController.swift */; };
		A8B32B981DDBFFCB003A0B1C /* MainTabViewController.swift in Sources */ = {isa = PBXBuildFile; fileRef = A8B32B971DDBFFCB003A0B1C /* MainTabViewController.swift */; };
		A8B32BA01DDC00A6003A0B1C /* CreateGameViewController.swift in Sources */ = {isa = PBXBuildFile; fileRef = A8B32B9F1DDC00A6003A0B1C /* CreateGameViewController.swift */; };
		A8B32BA21DDC00C1003A0B1C /* SelectFriendsViewController.swift in Sources */ = {isa = PBXBuildFile; fileRef = A8B32BA11DDC00C1003A0B1C /* SelectFriendsViewController.swift */; };
		A8B32BA41DDC00D8003A0B1C /* GameOptionsViewController.swift in Sources */ = {isa = PBXBuildFile; fileRef = A8B32BA31DDC00D8003A0B1C /* GameOptionsViewController.swift */; };
		A8B32BA61DDC00F8003A0B1C /* CountdownGameViewController.swift in Sources */ = {isa = PBXBuildFile; fileRef = A8B32BA51DDC00F8003A0B1C /* CountdownGameViewController.swift */; };
		A8B32BA91DDC0163003A0B1C /* QuestionViewController.swift in Sources */ = {isa = PBXBuildFile; fileRef = A8B32BA81DDC0163003A0B1C /* QuestionViewController.swift */; };
		A8B32BAB1DDC0181003A0B1C /* AnswerViewController.swift in Sources */ = {isa = PBXBuildFile; fileRef = A8B32BAA1DDC0181003A0B1C /* AnswerViewController.swift */; };
		A8B32BAD1DDC019C003A0B1C /* ResultsViewController.swift in Sources */ = {isa = PBXBuildFile; fileRef = A8B32BAC1DDC019C003A0B1C /* ResultsViewController.swift */; };
		A8B32BB31DDC036B003A0B1C /* FinalScoreViewController.swift in Sources */ = {isa = PBXBuildFile; fileRef = A8B32BB21DDC036B003A0B1C /* FinalScoreViewController.swift */; };
		A8B32BB51DDC0379003A0B1C /* HomeViewController.swift in Sources */ = {isa = PBXBuildFile; fileRef = A8B32BB41DDC0379003A0B1C /* HomeViewController.swift */; };
		A8B6EA321DD9A7AA00CB8699 /* Answer.swift in Sources */ = {isa = PBXBuildFile; fileRef = A8B6EA2E1DD9A7AA00CB8699 /* Answer.swift */; };
		A8B6EA331DD9A7AA00CB8699 /* GameRoom.swift in Sources */ = {isa = PBXBuildFile; fileRef = A8B6EA2F1DD9A7AA00CB8699 /* GameRoom.swift */; };
		A8B6EA341DD9A7AA00CB8699 /* User.swift in Sources */ = {isa = PBXBuildFile; fileRef = A8B6EA301DD9A7AA00CB8699 /* User.swift */; };
		A8E541571DD9A9EB002D6AA4 /* JServiceClient.swift in Sources */ = {isa = PBXBuildFile; fileRef = A8E1ED9E1DD5A03D00460AA5 /* JServiceClient.swift */; };
		A8E541581DD9A9EB002D6AA4 /* Constants.swift in Sources */ = {isa = PBXBuildFile; fileRef = 1A36860A1DD83CCC00CBEB41 /* Constants.swift */; };
		B2009CED1DE5B70500CF0FB1 /* ScoredAnswer.swift in Sources */ = {isa = PBXBuildFile; fileRef = B2009CEC1DE5B70500CF0FB1 /* ScoredAnswer.swift */; };
		B29417051DE29A1300153E36 /* UserInGame.swift in Sources */ = {isa = PBXBuildFile; fileRef = B29417041DE29A1300153E36 /* UserInGame.swift */; };
		B29417071DE29E3A00153E36 /* FirebaseClient.swift in Sources */ = {isa = PBXBuildFile; fileRef = B29417061DE29E3A00153E36 /* FirebaseClient.swift */; };
		B294170A1DE2AD8100153E36 /* SelectFriendsTableViewCell.swift in Sources */ = {isa = PBXBuildFile; fileRef = B29417081DE2AD8100153E36 /* SelectFriendsTableViewCell.swift */; };
		B294170B1DE2AD8100153E36 /* HomeTableViewCell.swift in Sources */ = {isa = PBXBuildFile; fileRef = B29417091DE2AD8100153E36 /* HomeTableViewCell.swift */; };
		B29417101DE2DF8A00153E36 /* AnswerTableViewCell.swift in Sources */ = {isa = PBXBuildFile; fileRef = B294170F1DE2DF8A00153E36 /* AnswerTableViewCell.swift */; };
		B29BE1FD1DD7BB6B000DD684 /* Logger.swift in Sources */ = {isa = PBXBuildFile; fileRef = B29BE1FC1DD7BB6B000DD684 /* Logger.swift */; };
		B2DE69C31DEB6E050038B860 /* ResultTableViewCell.swift in Sources */ = {isa = PBXBuildFile; fileRef = B2DE69C21DEB6E050038B860 /* ResultTableViewCell.swift */; };
		B2DE69C51DEB6E120038B860 /* Friend.swift in Sources */ = {isa = PBXBuildFile; fileRef = B2DE69C41DEB6E120038B860 /* Friend.swift */; };
		B2DE69C71DEB79070038B860 /* FinalScore.swift in Sources */ = {isa = PBXBuildFile; fileRef = B2DE69C61DEB79070038B860 /* FinalScore.swift */; };
		B2DE69C91DEB7E3E0038B860 /* FinalScoreTableViewCell.swift in Sources */ = {isa = PBXBuildFile; fileRef = B2DE69C81DEB7E3E0038B860 /* FinalScoreTableViewCell.swift */; };
		B2E11B1A1DE3F83C0008F8E0 /* Utilities.swift in Sources */ = {isa = PBXBuildFile; fileRef = B2E11B191DE3F83C0008F8E0 /* Utilities.swift */; };
		D4E4957C93A4DA727F72A578 /* Pods_ios_trivia_game.framework in Frameworks */ = {isa = PBXBuildFile; fileRef = E46372423EA4DDD9D6F15AD0 /* Pods_ios_trivia_game.framework */; };
/* End PBXBuildFile section */

/* Begin PBXFileReference section */
		1A36860A1DD83CCC00CBEB41 /* Constants.swift */ = {isa = PBXFileReference; fileEncoding = 4; lastKnownFileType = sourcecode.swift; path = Constants.swift; sourceTree = "<group>"; };
		1A3686101DD84B5800CBEB41 /* GoogleService-Info.plist */ = {isa = PBXFileReference; fileEncoding = 4; lastKnownFileType = text.plist.xml; path = "GoogleService-Info.plist"; sourceTree = "<group>"; };
		1A3686141DD853D100CBEB41 /* ios-trivia-game.entitlements */ = {isa = PBXFileReference; lastKnownFileType = text.plist.entitlements; path = "ios-trivia-game.entitlements"; sourceTree = "<group>"; };
		1A805B671DD996F900A70691 /* TriviaCategory.swift */ = {isa = PBXFileReference; fileEncoding = 4; lastKnownFileType = sourcecode.swift; name = TriviaCategory.swift; path = Models/TriviaCategory.swift; sourceTree = "<group>"; };
		1A805B681DD996F900A70691 /* TriviaQuestion.swift */ = {isa = PBXFileReference; fileEncoding = 4; lastKnownFileType = sourcecode.swift; name = TriviaQuestion.swift; path = Models/TriviaQuestion.swift; sourceTree = "<group>"; };
		381FCCC7CD6510BD05EB2001 /* Pods-ios-trivia-game.debug.xcconfig */ = {isa = PBXFileReference; includeInIndex = 1; lastKnownFileType = text.xcconfig; name = "Pods-ios-trivia-game.debug.xcconfig"; path = "Pods/Target Support Files/Pods-ios-trivia-game/Pods-ios-trivia-game.debug.xcconfig"; sourceTree = "<group>"; };
		A83ACC7E1DD2D14B00DAF701 /* ios-trivia-game.app */ = {isa = PBXFileReference; explicitFileType = wrapper.application; includeInIndex = 0; path = "ios-trivia-game.app"; sourceTree = BUILT_PRODUCTS_DIR; };
		A83ACC811DD2D14B00DAF701 /* AppDelegate.swift */ = {isa = PBXFileReference; lastKnownFileType = sourcecode.swift; path = AppDelegate.swift; sourceTree = "<group>"; };
		A83ACC861DD2D14B00DAF701 /* Base */ = {isa = PBXFileReference; lastKnownFileType = file.storyboard; name = Base; path = Base.lproj/Main.storyboard; sourceTree = "<group>"; };
		A83ACC881DD2D14B00DAF701 /* Assets.xcassets */ = {isa = PBXFileReference; lastKnownFileType = folder.assetcatalog; path = Assets.xcassets; sourceTree = "<group>"; };
		A83ACC8B1DD2D14B00DAF701 /* Base */ = {isa = PBXFileReference; lastKnownFileType = file.storyboard; name = Base; path = Base.lproj/LaunchScreen.storyboard; sourceTree = "<group>"; };
		A83ACC8D1DD2D14B00DAF701 /* Info.plist */ = {isa = PBXFileReference; lastKnownFileType = text.plist.xml; path = Info.plist; sourceTree = "<group>"; };
		A8B32B8F1DDBE709003A0B1C /* LoginViewController.swift */ = {isa = PBXFileReference; fileEncoding = 4; lastKnownFileType = sourcecode.swift; name = LoginViewController.swift; path = ViewControllers/LoginViewController.swift; sourceTree = "<group>"; };
		A8B32B931DDBEA7E003A0B1C /* ProfileViewController.swift */ = {isa = PBXFileReference; fileEncoding = 4; lastKnownFileType = sourcecode.swift; name = ProfileViewController.swift; path = ViewControllers/ProfileViewController.swift; sourceTree = "<group>"; };
		A8B32B951DDBFF4A003A0B1C /* CameraViewController.swift */ = {isa = PBXFileReference; fileEncoding = 4; lastKnownFileType = sourcecode.swift; name = CameraViewController.swift; path = ViewControllers/CameraViewController.swift; sourceTree = "<group>"; };
		A8B32B971DDBFFCB003A0B1C /* MainTabViewController.swift */ = {isa = PBXFileReference; fileEncoding = 4; lastKnownFileType = sourcecode.swift; name = MainTabViewController.swift; path = ViewControllers/MainTabViewController.swift; sourceTree = "<group>"; };
		A8B32B9F1DDC00A6003A0B1C /* CreateGameViewController.swift */ = {isa = PBXFileReference; fileEncoding = 4; lastKnownFileType = sourcecode.swift; name = CreateGameViewController.swift; path = ViewControllers/CreateGameViewController.swift; sourceTree = "<group>"; };
		A8B32BA11DDC00C1003A0B1C /* SelectFriendsViewController.swift */ = {isa = PBXFileReference; fileEncoding = 4; lastKnownFileType = sourcecode.swift; name = SelectFriendsViewController.swift; path = ViewControllers/SelectFriendsViewController.swift; sourceTree = "<group>"; };
		A8B32BA31DDC00D8003A0B1C /* GameOptionsViewController.swift */ = {isa = PBXFileReference; fileEncoding = 4; lastKnownFileType = sourcecode.swift; name = GameOptionsViewController.swift; path = ViewControllers/GameOptionsViewController.swift; sourceTree = "<group>"; };
		A8B32BA51DDC00F8003A0B1C /* CountdownGameViewController.swift */ = {isa = PBXFileReference; fileEncoding = 4; lastKnownFileType = sourcecode.swift; name = CountdownGameViewController.swift; path = ViewControllers/CountdownGameViewController.swift; sourceTree = "<group>"; };
		A8B32BA81DDC0163003A0B1C /* QuestionViewController.swift */ = {isa = PBXFileReference; fileEncoding = 4; lastKnownFileType = sourcecode.swift; name = QuestionViewController.swift; path = ViewControllers/QuestionViewController.swift; sourceTree = "<group>"; };
		A8B32BAA1DDC0181003A0B1C /* AnswerViewController.swift */ = {isa = PBXFileReference; fileEncoding = 4; lastKnownFileType = sourcecode.swift; name = AnswerViewController.swift; path = ViewControllers/AnswerViewController.swift; sourceTree = "<group>"; };
		A8B32BAC1DDC019C003A0B1C /* ResultsViewController.swift */ = {isa = PBXFileReference; fileEncoding = 4; lastKnownFileType = sourcecode.swift; name = ResultsViewController.swift; path = ViewControllers/ResultsViewController.swift; sourceTree = "<group>"; };
		A8B32BB21DDC036B003A0B1C /* FinalScoreViewController.swift */ = {isa = PBXFileReference; fileEncoding = 4; lastKnownFileType = sourcecode.swift; name = FinalScoreViewController.swift; path = ViewControllers/FinalScoreViewController.swift; sourceTree = "<group>"; };
		A8B32BB41DDC0379003A0B1C /* HomeViewController.swift */ = {isa = PBXFileReference; fileEncoding = 4; lastKnownFileType = sourcecode.swift; name = HomeViewController.swift; path = ViewControllers/HomeViewController.swift; sourceTree = "<group>"; };
		A8B6EA2E1DD9A7AA00CB8699 /* Answer.swift */ = {isa = PBXFileReference; fileEncoding = 4; lastKnownFileType = sourcecode.swift; name = Answer.swift; path = Models/Answer.swift; sourceTree = "<group>"; };
		A8B6EA2F1DD9A7AA00CB8699 /* GameRoom.swift */ = {isa = PBXFileReference; fileEncoding = 4; lastKnownFileType = sourcecode.swift; name = GameRoom.swift; path = Models/GameRoom.swift; sourceTree = "<group>"; };
		A8B6EA301DD9A7AA00CB8699 /* User.swift */ = {isa = PBXFileReference; fileEncoding = 4; lastKnownFileType = sourcecode.swift; name = User.swift; path = Models/User.swift; sourceTree = "<group>"; };
		A8E1ED9E1DD5A03D00460AA5 /* JServiceClient.swift */ = {isa = PBXFileReference; fileEncoding = 4; lastKnownFileType = sourcecode.swift; name = JServiceClient.swift; path = API/JServiceClient.swift; sourceTree = "<group>"; };
		B2009CEC1DE5B70500CF0FB1 /* ScoredAnswer.swift */ = {isa = PBXFileReference; fileEncoding = 4; lastKnownFileType = sourcecode.swift; name = ScoredAnswer.swift; path = Models/ScoredAnswer.swift; sourceTree = "<group>"; };
		B29417041DE29A1300153E36 /* UserInGame.swift */ = {isa = PBXFileReference; fileEncoding = 4; lastKnownFileType = sourcecode.swift; name = UserInGame.swift; path = Models/UserInGame.swift; sourceTree = "<group>"; };
		B29417061DE29E3A00153E36 /* FirebaseClient.swift */ = {isa = PBXFileReference; fileEncoding = 4; lastKnownFileType = sourcecode.swift; name = FirebaseClient.swift; path = API/FirebaseClient.swift; sourceTree = "<group>"; };
		B29417081DE2AD8100153E36 /* SelectFriendsTableViewCell.swift */ = {isa = PBXFileReference; fileEncoding = 4; lastKnownFileType = sourcecode.swift; name = SelectFriendsTableViewCell.swift; path = Views/SelectFriendsTableViewCell.swift; sourceTree = "<group>"; };
		B29417091DE2AD8100153E36 /* HomeTableViewCell.swift */ = {isa = PBXFileReference; fileEncoding = 4; lastKnownFileType = sourcecode.swift; name = HomeTableViewCell.swift; path = Views/HomeTableViewCell.swift; sourceTree = "<group>"; };
		B294170F1DE2DF8A00153E36 /* AnswerTableViewCell.swift */ = {isa = PBXFileReference; fileEncoding = 4; lastKnownFileType = sourcecode.swift; name = AnswerTableViewCell.swift; path = Views/AnswerTableViewCell.swift; sourceTree = "<group>"; };
		B29BE1FC1DD7BB6B000DD684 /* Logger.swift */ = {isa = PBXFileReference; fileEncoding = 4; lastKnownFileType = sourcecode.swift; name = Logger.swift; path = Logger/Logger.swift; sourceTree = "<group>"; };
		B2DE69C21DEB6E050038B860 /* ResultTableViewCell.swift */ = {isa = PBXFileReference; fileEncoding = 4; lastKnownFileType = sourcecode.swift; name = ResultTableViewCell.swift; path = Views/ResultTableViewCell.swift; sourceTree = "<group>"; };
		B2DE69C41DEB6E120038B860 /* Friend.swift */ = {isa = PBXFileReference; fileEncoding = 4; lastKnownFileType = sourcecode.swift; name = Friend.swift; path = Models/Friend.swift; sourceTree = "<group>"; };
		B2DE69C61DEB79070038B860 /* FinalScore.swift */ = {isa = PBXFileReference; fileEncoding = 4; lastKnownFileType = sourcecode.swift; name = FinalScore.swift; path = Models/FinalScore.swift; sourceTree = "<group>"; };
		B2DE69C81DEB7E3E0038B860 /* FinalScoreTableViewCell.swift */ = {isa = PBXFileReference; fileEncoding = 4; lastKnownFileType = sourcecode.swift; name = FinalScoreTableViewCell.swift; path = Views/FinalScoreTableViewCell.swift; sourceTree = "<group>"; };
		B2E11B191DE3F83C0008F8E0 /* Utilities.swift */ = {isa = PBXFileReference; fileEncoding = 4; lastKnownFileType = sourcecode.swift; path = Utilities.swift; sourceTree = "<group>"; };
		BBAA460E62FF4EB21F502AA3 /* Pods-ios-trivia-game.release.xcconfig */ = {isa = PBXFileReference; includeInIndex = 1; lastKnownFileType = text.xcconfig; name = "Pods-ios-trivia-game.release.xcconfig"; path = "Pods/Target Support Files/Pods-ios-trivia-game/Pods-ios-trivia-game.release.xcconfig"; sourceTree = "<group>"; };
		E46372423EA4DDD9D6F15AD0 /* Pods_ios_trivia_game.framework */ = {isa = PBXFileReference; explicitFileType = wrapper.framework; includeInIndex = 0; path = Pods_ios_trivia_game.framework; sourceTree = BUILT_PRODUCTS_DIR; };
/* End PBXFileReference section */

/* Begin PBXFrameworksBuildPhase section */
		A83ACC7B1DD2D14B00DAF701 /* Frameworks */ = {
			isa = PBXFrameworksBuildPhase;
			buildActionMask = 2147483647;
			files = (
				D4E4957C93A4DA727F72A578 /* Pods_ios_trivia_game.framework in Frameworks */,
			);
			runOnlyForDeploymentPostprocessing = 0;
		};
/* End PBXFrameworksBuildPhase section */

/* Begin PBXGroup section */
		187D60247A5F8644FDEF2832 /* Pods */ = {
			isa = PBXGroup;
			children = (
				381FCCC7CD6510BD05EB2001 /* Pods-ios-trivia-game.debug.xcconfig */,
				BBAA460E62FF4EB21F502AA3 /* Pods-ios-trivia-game.release.xcconfig */,
			);
			name = Pods;
			sourceTree = "<group>";
		};
		1A9553061DDE23D7007BCFCB /* Views */ = {
			isa = PBXGroup;
			children = (
				B2DE69C21DEB6E050038B860 /* ResultTableViewCell.swift */,
				B29417081DE2AD8100153E36 /* SelectFriendsTableViewCell.swift */,
				B29417091DE2AD8100153E36 /* HomeTableViewCell.swift */,
				B294170F1DE2DF8A00153E36 /* AnswerTableViewCell.swift */,
				B2DE69C81DEB7E3E0038B860 /* FinalScoreTableViewCell.swift */,
			);
			name = Views;
			sourceTree = "<group>";
		};
		4C87BDF3C79CEF3A272D45A6 /* Frameworks */ = {
			isa = PBXGroup;
			children = (
				E46372423EA4DDD9D6F15AD0 /* Pods_ios_trivia_game.framework */,
			);
			name = Frameworks;
			sourceTree = "<group>";
		};
		A83ACC751DD2D14B00DAF701 = {
			isa = PBXGroup;
			children = (
				A83ACC801DD2D14B00DAF701 /* ios-trivia-game */,
				A83ACC7F1DD2D14B00DAF701 /* Products */,
				187D60247A5F8644FDEF2832 /* Pods */,
				4C87BDF3C79CEF3A272D45A6 /* Frameworks */,
			);
			sourceTree = "<group>";
		};
		A83ACC7F1DD2D14B00DAF701 /* Products */ = {
			isa = PBXGroup;
			children = (
				A83ACC7E1DD2D14B00DAF701 /* ios-trivia-game.app */,
			);
			name = Products;
			sourceTree = "<group>";
		};
		A83ACC801DD2D14B00DAF701 /* ios-trivia-game */ = {
			isa = PBXGroup;
			children = (
				B294170C1DE2D37200153E36 /* Protocols */,
				1A9553061DDE23D7007BCFCB /* Views */,
				A8B32B8E1DDBE6E7003A0B1C /* ViewControllers */,
				1A3686141DD853D100CBEB41 /* ios-trivia-game.entitlements */,
				B29BE1F91DD7BB3B000DD684 /* Logger */,
				B29BE1F41DD7B7D8000DD684 /* Models */,
				A8E1ED9D1DD5A01100460AA5 /* API */,
				A83ACC811DD2D14B00DAF701 /* AppDelegate.swift */,
				A83ACC851DD2D14B00DAF701 /* Main.storyboard */,
				A83ACC881DD2D14B00DAF701 /* Assets.xcassets */,
				A83ACC8A1DD2D14B00DAF701 /* LaunchScreen.storyboard */,
				1A3686101DD84B5800CBEB41 /* GoogleService-Info.plist */,
				A83ACC8D1DD2D14B00DAF701 /* Info.plist */,
				1A36860A1DD83CCC00CBEB41 /* Constants.swift */,
				B2E11B191DE3F83C0008F8E0 /* Utilities.swift */,
			);
			path = "ios-trivia-game";
			sourceTree = "<group>";
		};
		A8B32B8E1DDBE6E7003A0B1C /* ViewControllers */ = {
			isa = PBXGroup;
			children = (
				A8B32BB41DDC0379003A0B1C /* HomeViewController.swift */,
				A8B32BA71DDC0129003A0B1C /* Game */,
				A8B32B9E1DDC006F003A0B1C /* CreateGame */,
				A8B32B9D1DDC0058003A0B1C /* Profile */,
				A8B32B8F1DDBE709003A0B1C /* LoginViewController.swift */,
				A8B32B971DDBFFCB003A0B1C /* MainTabViewController.swift */,
			);
			name = ViewControllers;
			sourceTree = "<group>";
		};
		A8B32B9D1DDC0058003A0B1C /* Profile */ = {
			isa = PBXGroup;
			children = (
				A8B32B931DDBEA7E003A0B1C /* ProfileViewController.swift */,
				A8B32B951DDBFF4A003A0B1C /* CameraViewController.swift */,
			);
			name = Profile;
			sourceTree = "<group>";
		};
		A8B32B9E1DDC006F003A0B1C /* CreateGame */ = {
			isa = PBXGroup;
			children = (
				A8B32B9F1DDC00A6003A0B1C /* CreateGameViewController.swift */,
				A8B32BA11DDC00C1003A0B1C /* SelectFriendsViewController.swift */,
				A8B32BA31DDC00D8003A0B1C /* GameOptionsViewController.swift */,
				A8B32BA51DDC00F8003A0B1C /* CountdownGameViewController.swift */,
			);
			name = CreateGame;
			sourceTree = "<group>";
		};
		A8B32BA71DDC0129003A0B1C /* Game */ = {
			isa = PBXGroup;
			children = (
				A8B32BB21DDC036B003A0B1C /* FinalScoreViewController.swift */,
				A8B32BA81DDC0163003A0B1C /* QuestionViewController.swift */,
				A8B32BAA1DDC0181003A0B1C /* AnswerViewController.swift */,
				A8B32BAC1DDC019C003A0B1C /* ResultsViewController.swift */,
			);
			name = Game;
			sourceTree = "<group>";
		};
		A8E1ED9D1DD5A01100460AA5 /* API */ = {
			isa = PBXGroup;
			children = (
				A8E1ED9E1DD5A03D00460AA5 /* JServiceClient.swift */,
				B29417061DE29E3A00153E36 /* FirebaseClient.swift */,
			);
			name = API;
			sourceTree = "<group>";
		};
		B294170C1DE2D37200153E36 /* Protocols */ = {
			isa = PBXGroup;
			children = (
			);
			name = Protocols;
			sourceTree = "<group>";
		};
		B29BE1F41DD7B7D8000DD684 /* Models */ = {
			isa = PBXGroup;
			children = (
				B2DE69C41DEB6E120038B860 /* Friend.swift */,
				A8B6EA2E1DD9A7AA00CB8699 /* Answer.swift */,
				A8B6EA2F1DD9A7AA00CB8699 /* GameRoom.swift */,
				A8B6EA301DD9A7AA00CB8699 /* User.swift */,
				1A805B671DD996F900A70691 /* TriviaCategory.swift */,
				1A805B681DD996F900A70691 /* TriviaQuestion.swift */,
				B29417041DE29A1300153E36 /* UserInGame.swift */,
				B2009CEC1DE5B70500CF0FB1 /* ScoredAnswer.swift */,
				B2DE69C61DEB79070038B860 /* FinalScore.swift */,
			);
			name = Models;
			sourceTree = "<group>";
		};
		B29BE1F91DD7BB3B000DD684 /* Logger */ = {
			isa = PBXGroup;
			children = (
				B29BE1FC1DD7BB6B000DD684 /* Logger.swift */,
			);
			name = Logger;
			sourceTree = "<group>";
		};
/* End PBXGroup section */

/* Begin PBXNativeTarget section */
		A83ACC7D1DD2D14B00DAF701 /* ios-trivia-game */ = {
			isa = PBXNativeTarget;
			buildConfigurationList = A83ACC901DD2D14B00DAF701 /* Build configuration list for PBXNativeTarget "ios-trivia-game" */;
			buildPhases = (
				5AC850F521C53F20EC27B0F1 /* [CP] Check Pods Manifest.lock */,
				A83ACC7A1DD2D14B00DAF701 /* Sources */,
				A83ACC7B1DD2D14B00DAF701 /* Frameworks */,
				A83ACC7C1DD2D14B00DAF701 /* Resources */,
				FF9491442D803D484060C519 /* [CP] Embed Pods Frameworks */,
				75AC3FBCCD01FFCEA5239572 /* [CP] Copy Pods Resources */,
			);
			buildRules = (
			);
			dependencies = (
			);
			name = "ios-trivia-game";
			productName = "ios-trivia-game";
			productReference = A83ACC7E1DD2D14B00DAF701 /* ios-trivia-game.app */;
			productType = "com.apple.product-type.application";
		};
/* End PBXNativeTarget section */

/* Begin PBXProject section */
		A83ACC761DD2D14B00DAF701 /* Project object */ = {
			isa = PBXProject;
			attributes = {
				LastSwiftUpdateCheck = 0810;
				LastUpgradeCheck = 0810;
				ORGANIZATIONNAME = "Team NZS";
				TargetAttributes = {
					A83ACC7D1DD2D14B00DAF701 = {
						CreatedOnToolsVersion = 8.1;
						DevelopmentTeam = 9SKFP92QDP;
						ProvisioningStyle = Automatic;
						SystemCapabilities = {
							com.apple.Keychain = {
								enabled = 1;
							};
						};
					};
				};
			};
			buildConfigurationList = A83ACC791DD2D14B00DAF701 /* Build configuration list for PBXProject "ios-trivia-game" */;
			compatibilityVersion = "Xcode 3.2";
			developmentRegion = English;
			hasScannedForEncodings = 0;
			knownRegions = (
				en,
				Base,
			);
			mainGroup = A83ACC751DD2D14B00DAF701;
			productRefGroup = A83ACC7F1DD2D14B00DAF701 /* Products */;
			projectDirPath = "";
			projectRoot = "";
			targets = (
				A83ACC7D1DD2D14B00DAF701 /* ios-trivia-game */,
			);
		};
/* End PBXProject section */

/* Begin PBXResourcesBuildPhase section */
		A83ACC7C1DD2D14B00DAF701 /* Resources */ = {
			isa = PBXResourcesBuildPhase;
			buildActionMask = 2147483647;
			files = (
				A83ACC8C1DD2D14B00DAF701 /* LaunchScreen.storyboard in Resources */,
				1A3686111DD84B5800CBEB41 /* GoogleService-Info.plist in Resources */,
				A83ACC891DD2D14B00DAF701 /* Assets.xcassets in Resources */,
				A83ACC871DD2D14B00DAF701 /* Main.storyboard in Resources */,
			);
			runOnlyForDeploymentPostprocessing = 0;
		};
/* End PBXResourcesBuildPhase section */

/* Begin PBXShellScriptBuildPhase section */
		5AC850F521C53F20EC27B0F1 /* [CP] Check Pods Manifest.lock */ = {
			isa = PBXShellScriptBuildPhase;
			buildActionMask = 2147483647;
			files = (
			);
			inputPaths = (
			);
			name = "[CP] Check Pods Manifest.lock";
			outputPaths = (
			);
			runOnlyForDeploymentPostprocessing = 0;
			shellPath = /bin/sh;
			shellScript = "diff \"${PODS_ROOT}/../Podfile.lock\" \"${PODS_ROOT}/Manifest.lock\" > /dev/null\nif [[ $? != 0 ]] ; then\n    cat << EOM\nerror: The sandbox is not in sync with the Podfile.lock. Run 'pod install' or update your CocoaPods installation.\nEOM\n    exit 1\nfi\n";
			showEnvVarsInLog = 0;
		};
		75AC3FBCCD01FFCEA5239572 /* [CP] Copy Pods Resources */ = {
			isa = PBXShellScriptBuildPhase;
			buildActionMask = 2147483647;
			files = (
			);
			inputPaths = (
			);
			name = "[CP] Copy Pods Resources";
			outputPaths = (
			);
			runOnlyForDeploymentPostprocessing = 0;
			shellPath = /bin/sh;
			shellScript = "\"${SRCROOT}/Pods/Target Support Files/Pods-ios-trivia-game/Pods-ios-trivia-game-resources.sh\"\n";
			showEnvVarsInLog = 0;
		};
		FF9491442D803D484060C519 /* [CP] Embed Pods Frameworks */ = {
			isa = PBXShellScriptBuildPhase;
			buildActionMask = 2147483647;
			files = (
			);
			inputPaths = (
			);
			name = "[CP] Embed Pods Frameworks";
			outputPaths = (
			);
			runOnlyForDeploymentPostprocessing = 0;
			shellPath = /bin/sh;
			shellScript = "\"${SRCROOT}/Pods/Target Support Files/Pods-ios-trivia-game/Pods-ios-trivia-game-frameworks.sh\"\n";
			showEnvVarsInLog = 0;
		};
/* End PBXShellScriptBuildPhase section */

/* Begin PBXSourcesBuildPhase section */
		A83ACC7A1DD2D14B00DAF701 /* Sources */ = {
			isa = PBXSourcesBuildPhase;
			buildActionMask = 2147483647;
			files = (
				A8B32BA91DDC0163003A0B1C /* QuestionViewController.swift in Sources */,
				A8B32B901DDBE709003A0B1C /* LoginViewController.swift in Sources */,
				A8B32BB31DDC036B003A0B1C /* FinalScoreViewController.swift in Sources */,
				B2009CED1DE5B70500CF0FB1 /* ScoredAnswer.swift in Sources */,
				1A805B6E1DD996F900A70691 /* TriviaQuestion.swift in Sources */,
				A8B32BA21DDC00C1003A0B1C /* SelectFriendsViewController.swift in Sources */,
				B29BE1FD1DD7BB6B000DD684 /* Logger.swift in Sources */,
				A8B32BB51DDC0379003A0B1C /* HomeViewController.swift in Sources */,
				A8B32B961DDBFF4A003A0B1C /* CameraViewController.swift in Sources */,
				A83ACC821DD2D14B00DAF701 /* AppDelegate.swift in Sources */,
				A8B32BA41DDC00D8003A0B1C /* GameOptionsViewController.swift in Sources */,
				1A805B6D1DD996F900A70691 /* TriviaCategory.swift in Sources */,
				A8B32B981DDBFFCB003A0B1C /* MainTabViewController.swift in Sources */,
				B2E11B1A1DE3F83C0008F8E0 /* Utilities.swift in Sources */,
				A8B32B941DDBEA7E003A0B1C /* ProfileViewController.swift in Sources */,
				B29417051DE29A1300153E36 /* UserInGame.swift in Sources */,
				B2DE69C91DEB7E3E0038B860 /* FinalScoreTableViewCell.swift in Sources */,
				B29417101DE2DF8A00153E36 /* AnswerTableViewCell.swift in Sources */,
				B2DE69C71DEB79070038B860 /* FinalScore.swift in Sources */,
				B294170B1DE2AD8100153E36 /* HomeTableViewCell.swift in Sources */,
				A8B32BAB1DDC0181003A0B1C /* AnswerViewController.swift in Sources */,
				A8B32BA01DDC00A6003A0B1C /* CreateGameViewController.swift in Sources */,
				A8B6EA331DD9A7AA00CB8699 /* GameRoom.swift in Sources */,
				B294170A1DE2AD8100153E36 /* SelectFriendsTableViewCell.swift in Sources */,
				A8E541571DD9A9EB002D6AA4 /* JServiceClient.swift in Sources */,
				B29417071DE29E3A00153E36 /* FirebaseClient.swift in Sources */,
				A8B32BA61DDC00F8003A0B1C /* CountdownGameViewController.swift in Sources */,
				A8B32BAD1DDC019C003A0B1C /* ResultsViewController.swift in Sources */,
				B2DE69C51DEB6E120038B860 /* Friend.swift in Sources */,
				A8E541581DD9A9EB002D6AA4 /* Constants.swift in Sources */,
				A8B6EA341DD9A7AA00CB8699 /* User.swift in Sources */,
				B2DE69C31DEB6E050038B860 /* ResultTableViewCell.swift in Sources */,
				A8B6EA321DD9A7AA00CB8699 /* Answer.swift in Sources */,
			);
			runOnlyForDeploymentPostprocessing = 0;
		};
/* End PBXSourcesBuildPhase section */

/* Begin PBXVariantGroup section */
		A83ACC851DD2D14B00DAF701 /* Main.storyboard */ = {
			isa = PBXVariantGroup;
			children = (
				A83ACC861DD2D14B00DAF701 /* Base */,
			);
			name = Main.storyboard;
			sourceTree = "<group>";
		};
		A83ACC8A1DD2D14B00DAF701 /* LaunchScreen.storyboard */ = {
			isa = PBXVariantGroup;
			children = (
				A83ACC8B1DD2D14B00DAF701 /* Base */,
			);
			name = LaunchScreen.storyboard;
			sourceTree = "<group>";
		};
/* End PBXVariantGroup section */

/* Begin XCBuildConfiguration section */
		A83ACC8E1DD2D14B00DAF701 /* Debug */ = {
			isa = XCBuildConfiguration;
			buildSettings = {
				ALWAYS_SEARCH_USER_PATHS = NO;
				CLANG_ANALYZER_NONNULL = YES;
				CLANG_CXX_LANGUAGE_STANDARD = "gnu++0x";
				CLANG_CXX_LIBRARY = "libc++";
				CLANG_ENABLE_MODULES = YES;
				CLANG_ENABLE_OBJC_ARC = YES;
				CLANG_WARN_BOOL_CONVERSION = YES;
				CLANG_WARN_CONSTANT_CONVERSION = YES;
				CLANG_WARN_DIRECT_OBJC_ISA_USAGE = YES_ERROR;
				CLANG_WARN_DOCUMENTATION_COMMENTS = YES;
				CLANG_WARN_EMPTY_BODY = YES;
				CLANG_WARN_ENUM_CONVERSION = YES;
				CLANG_WARN_INFINITE_RECURSION = YES;
				CLANG_WARN_INT_CONVERSION = YES;
				CLANG_WARN_OBJC_ROOT_CLASS = YES_ERROR;
				CLANG_WARN_SUSPICIOUS_MOVE = YES;
				CLANG_WARN_SUSPICIOUS_MOVES = YES;
				CLANG_WARN_UNREACHABLE_CODE = YES;
				CLANG_WARN__DUPLICATE_METHOD_MATCH = YES;
				"CODE_SIGN_IDENTITY[sdk=iphoneos*]" = "iPhone Developer";
				COPY_PHASE_STRIP = NO;
				DEBUG_INFORMATION_FORMAT = dwarf;
				ENABLE_STRICT_OBJC_MSGSEND = YES;
				ENABLE_TESTABILITY = YES;
				GCC_C_LANGUAGE_STANDARD = gnu99;
				GCC_DYNAMIC_NO_PIC = NO;
				GCC_NO_COMMON_BLOCKS = YES;
				GCC_OPTIMIZATION_LEVEL = 0;
				GCC_PREPROCESSOR_DEFINITIONS = (
					"DEBUG=1",
					"$(inherited)",
				);
				GCC_WARN_64_TO_32_BIT_CONVERSION = YES;
				GCC_WARN_ABOUT_RETURN_TYPE = YES_ERROR;
				GCC_WARN_UNDECLARED_SELECTOR = YES;
				GCC_WARN_UNINITIALIZED_AUTOS = YES_AGGRESSIVE;
				GCC_WARN_UNUSED_FUNCTION = YES;
				GCC_WARN_UNUSED_VARIABLE = YES;
				IPHONEOS_DEPLOYMENT_TARGET = 10.0;
				MTL_ENABLE_DEBUG_INFO = YES;
				ONLY_ACTIVE_ARCH = YES;
				SDKROOT = iphoneos;
				SWIFT_ACTIVE_COMPILATION_CONDITIONS = DEBUG;
				SWIFT_OPTIMIZATION_LEVEL = "-Onone";
			};
			name = Debug;
		};
		A83ACC8F1DD2D14B00DAF701 /* Release */ = {
			isa = XCBuildConfiguration;
			buildSettings = {
				ALWAYS_SEARCH_USER_PATHS = NO;
				CLANG_ANALYZER_NONNULL = YES;
				CLANG_CXX_LANGUAGE_STANDARD = "gnu++0x";
				CLANG_CXX_LIBRARY = "libc++";
				CLANG_ENABLE_MODULES = YES;
				CLANG_ENABLE_OBJC_ARC = YES;
				CLANG_WARN_BOOL_CONVERSION = YES;
				CLANG_WARN_CONSTANT_CONVERSION = YES;
				CLANG_WARN_DIRECT_OBJC_ISA_USAGE = YES_ERROR;
				CLANG_WARN_DOCUMENTATION_COMMENTS = YES;
				CLANG_WARN_EMPTY_BODY = YES;
				CLANG_WARN_ENUM_CONVERSION = YES;
				CLANG_WARN_INFINITE_RECURSION = YES;
				CLANG_WARN_INT_CONVERSION = YES;
				CLANG_WARN_OBJC_ROOT_CLASS = YES_ERROR;
				CLANG_WARN_SUSPICIOUS_MOVE = YES;
				CLANG_WARN_SUSPICIOUS_MOVES = YES;
				CLANG_WARN_UNREACHABLE_CODE = YES;
				CLANG_WARN__DUPLICATE_METHOD_MATCH = YES;
				"CODE_SIGN_IDENTITY[sdk=iphoneos*]" = "iPhone Developer";
				COPY_PHASE_STRIP = NO;
				DEBUG_INFORMATION_FORMAT = "dwarf-with-dsym";
				ENABLE_NS_ASSERTIONS = NO;
				ENABLE_STRICT_OBJC_MSGSEND = YES;
				GCC_C_LANGUAGE_STANDARD = gnu99;
				GCC_NO_COMMON_BLOCKS = YES;
				GCC_WARN_64_TO_32_BIT_CONVERSION = YES;
				GCC_WARN_ABOUT_RETURN_TYPE = YES_ERROR;
				GCC_WARN_UNDECLARED_SELECTOR = YES;
				GCC_WARN_UNINITIALIZED_AUTOS = YES_AGGRESSIVE;
				GCC_WARN_UNUSED_FUNCTION = YES;
				GCC_WARN_UNUSED_VARIABLE = YES;
				IPHONEOS_DEPLOYMENT_TARGET = 10.0;
				MTL_ENABLE_DEBUG_INFO = NO;
				SDKROOT = iphoneos;
				SWIFT_OPTIMIZATION_LEVEL = "-Owholemodule";
				VALIDATE_PRODUCT = YES;
			};
			name = Release;
		};
		A83ACC911DD2D14B00DAF701 /* Debug */ = {
			isa = XCBuildConfiguration;
			baseConfigurationReference = 381FCCC7CD6510BD05EB2001 /* Pods-ios-trivia-game.debug.xcconfig */;
			buildSettings = {
				ALWAYS_EMBED_SWIFT_STANDARD_LIBRARIES = YES;
				ASSETCATALOG_COMPILER_APPICON_NAME = AppIcon;
				CODE_SIGN_ENTITLEMENTS = "ios-trivia-game/ios-trivia-game.entitlements";
				DEVELOPMENT_TEAM = 9SKFP92QDP;
				FRAMEWORK_SEARCH_PATHS = (
					"$(inherited)",
					"$(PROJECT_DIR)",
				);
				INFOPLIST_FILE = "ios-trivia-game/Info.plist";
				LD_RUNPATH_SEARCH_PATHS = "$(inherited) @executable_path/Frameworks";
				PRODUCT_BUNDLE_IDENTIFIER = "com.teamnzs.ios-trivia-game";
				PRODUCT_NAME = "$(TARGET_NAME)";
				SWIFT_VERSION = 3.0;
			};
			name = Debug;
		};
		A83ACC921DD2D14B00DAF701 /* Release */ = {
			isa = XCBuildConfiguration;
			baseConfigurationReference = BBAA460E62FF4EB21F502AA3 /* Pods-ios-trivia-game.release.xcconfig */;
			buildSettings = {
				ALWAYS_EMBED_SWIFT_STANDARD_LIBRARIES = YES;
				ASSETCATALOG_COMPILER_APPICON_NAME = AppIcon;
				CODE_SIGN_ENTITLEMENTS = "ios-trivia-game/ios-trivia-game.entitlements";
				DEVELOPMENT_TEAM = 9SKFP92QDP;
				FRAMEWORK_SEARCH_PATHS = (
					"$(inherited)",
					"$(PROJECT_DIR)",
				);
				INFOPLIST_FILE = "ios-trivia-game/Info.plist";
				LD_RUNPATH_SEARCH_PATHS = "$(inherited) @executable_path/Frameworks";
				PRODUCT_BUNDLE_IDENTIFIER = "com.teamnzs.ios-trivia-game";
				PRODUCT_NAME = "$(TARGET_NAME)";
				SWIFT_VERSION = 3.0;
			};
			name = Release;
		};
/* End XCBuildConfiguration section */

/* Begin XCConfigurationList section */
		A83ACC791DD2D14B00DAF701 /* Build configuration list for PBXProject "ios-trivia-game" */ = {
			isa = XCConfigurationList;
			buildConfigurations = (
				A83ACC8E1DD2D14B00DAF701 /* Debug */,
				A83ACC8F1DD2D14B00DAF701 /* Release */,
			);
			defaultConfigurationIsVisible = 0;
			defaultConfigurationName = Release;
		};
		A83ACC901DD2D14B00DAF701 /* Build configuration list for PBXNativeTarget "ios-trivia-game" */ = {
			isa = XCConfigurationList;
			buildConfigurations = (
				A83ACC911DD2D14B00DAF701 /* Debug */,
				A83ACC921DD2D14B00DAF701 /* Release */,
			);
			defaultConfigurationIsVisible = 0;
			defaultConfigurationName = Release;
		};
/* End XCConfigurationList section */
	};
	rootObject = A83ACC761DD2D14B00DAF701 /* Project object */;
}
